// !$*UTF8*$!
{
	archiveVersion = 1;
	classes = {
	};
	objectVersion = 46;
	objects = {

/* Begin PBXBuildFile section */
		79104DFF1CC4D38100A01BED /* main.m in Sources */ = {isa = PBXBuildFile; fileRef = 79104DFE1CC4D38100A01BED /* main.m */; };
		79104E021CC4D38100A01BED /* AppDelegate.m in Sources */ = {isa = PBXBuildFile; fileRef = 79104E011CC4D38100A01BED /* AppDelegate.m */; };
		79104E051CC4D38100A01BED /* ViewController.m in Sources */ = {isa = PBXBuildFile; fileRef = 79104E041CC4D38100A01BED /* ViewController.m */; };
		79104E081CC4D38100A01BED /* Main.storyboard in Resources */ = {isa = PBXBuildFile; fileRef = 79104E061CC4D38100A01BED /* Main.storyboard */; };
		79104E0A1CC4D38100A01BED /* Assets.xcassets in Resources */ = {isa = PBXBuildFile; fileRef = 79104E091CC4D38100A01BED /* Assets.xcassets */; };
		79104E0D1CC4D38100A01BED /* LaunchScreen.storyboard in Resources */ = {isa = PBXBuildFile; fileRef = 79104E0B1CC4D38100A01BED /* LaunchScreen.storyboard */; };
		79104E181CC4D38100A01BED /* HolleTests.m in Sources */ = {isa = PBXBuildFile; fileRef = 79104E171CC4D38100A01BED /* HolleTests.m */; };
		79104E231CC4D38100A01BED /* HolleUITests.m in Sources */ = {isa = PBXBuildFile; fileRef = 79104E221CC4D38100A01BED /* HolleUITests.m */; };
/* End PBXBuildFile section */

/* Begin PBXContainerItemProxy section */
		79104E141CC4D38100A01BED /* PBXContainerItemProxy */ = {
			isa = PBXContainerItemProxy;
			containerPortal = 79104DF21CC4D38100A01BED /* Project object */;
			proxyType = 1;
			remoteGlobalIDString = 79104DF91CC4D38100A01BED;
			remoteInfo = Holle;
		};
		79104E1F1CC4D38100A01BED /* PBXContainerItemProxy */ = {
			isa = PBXContainerItemProxy;
			containerPortal = 79104DF21CC4D38100A01BED /* Project object */;
			proxyType = 1;
			remoteGlobalIDString = 79104DF91CC4D38100A01BED;
			remoteInfo = Holle;
		};
/* End PBXContainerItemProxy section */

/* Begin PBXFileReference section */
		79104DFA1CC4D38100A01BED /* Holle.app */ = {isa = PBXFileReference; explicitFileType = wrapper.application; includeInIndex = 0; path = Holle.app; sourceTree = BUILT_PRODUCTS_DIR; };
		79104DFE1CC4D38100A01BED /* main.m */ = {isa = PBXFileReference; lastKnownFileType = sourcecode.c.objc; path = main.m; sourceTree = "<group>"; };
		79104E001CC4D38100A01BED /* AppDelegate.h */ = {isa = PBXFileReference; lastKnownFileType = sourcecode.c.h; path = AppDelegate.h; sourceTree = "<group>"; };
		79104E011CC4D38100A01BED /* AppDelegate.m */ = {isa = PBXFileReference; lastKnownFileType = sourcecode.c.objc; path = AppDelegate.m; sourceTree = "<group>"; };
		79104E031CC4D38100A01BED /* ViewController.h */ = {isa = PBXFileReference; lastKnownFileType = sourcecode.c.h; path = ViewController.h; sourceTree = "<group>"; };
		79104E041CC4D38100A01BED /* ViewController.m */ = {isa = PBXFileReference; lastKnownFileType = sourcecode.c.objc; path = ViewController.m; sourceTree = "<group>"; };
		79104E071CC4D38100A01BED /* Base */ = {isa = PBXFileReference; lastKnownFileType = file.storyboard; name = Base; path = Base.lproj/Main.storyboard; sourceTree = "<group>"; };
		79104E091CC4D38100A01BED /* Assets.xcassets */ = {isa = PBXFileReference; lastKnownFileType = folder.assetcatalog; path = Assets.xcassets; sourceTree = "<group>"; };
		79104E0C1CC4D38100A01BED /* Base */ = {isa = PBXFileReference; lastKnownFileType = file.storyboard; name = Base; path = Base.lproj/LaunchScreen.storyboard; sourceTree = "<group>"; };
		79104E0E1CC4D38100A01BED /* Info.plist */ = {isa = PBXFileReference; lastKnownFileType = text.plist.xml; path = Info.plist; sourceTree = "<group>"; };
		79104E131CC4D38100A01BED /* HolleTests.xctest */ = {isa = PBXFileReference; explicitFileType = wrapper.cfbundle; includeInIndex = 0; path = HolleTests.xctest; sourceTree = BUILT_PRODUCTS_DIR; };
		79104E171CC4D38100A01BED /* HolleTests.m */ = {isa = PBXFileReference; lastKnownFileType = sourcecode.c.objc; path = HolleTests.m; sourceTree = "<group>"; };
		79104E191CC4D38100A01BED /* Info.plist */ = {isa = PBXFileReference; lastKnownFileType = text.plist.xml; path = Info.plist; sourceTree = "<group>"; };
		79104E1E1CC4D38100A01BED /* HolleUITests.xctest */ = {isa = PBXFileReference; explicitFileType = wrapper.cfbundle; includeInIndex = 0; path = HolleUITests.xctest; sourceTree = BUILT_PRODUCTS_DIR; };
		79104E221CC4D38100A01BED /* HolleUITests.m */ = {isa = PBXFileReference; lastKnownFileType = sourcecode.c.objc; path = HolleUITests.m; sourceTree = "<group>"; };
		79104E241CC4D38100A01BED /* Info.plist */ = {isa = PBXFileReference; lastKnownFileType = text.plist.xml; path = Info.plist; sourceTree = "<group>"; };
/* End PBXFileReference section */

/* Begin PBXFrameworksBuildPhase section */
		79104DF71CC4D38100A01BED /* Frameworks */ = {
			isa = PBXFrameworksBuildPhase;
			buildActionMask = 2147483647;
			files = (
			);
			runOnlyForDeploymentPostprocessing = 0;
		};
		79104E101CC4D38100A01BED /* Frameworks */ = {
			isa = PBXFrameworksBuildPhase;
			buildActionMask = 2147483647;
			files = (
			);
			runOnlyForDeploymentPostprocessing = 0;
		};
		79104E1B1CC4D38100A01BED /* Frameworks */ = {
			isa = PBXFrameworksBuildPhase;
			buildActionMask = 2147483647;
			files = (
			);
			runOnlyForDeploymentPostprocessing = 0;
		};
/* End PBXFrameworksBuildPhase section */

/* Begin PBXGroup section */
		79104DF11CC4D38100A01BED = {
			isa = PBXGroup;
			children = (
				79104DFC1CC4D38100A01BED /* Holle */,
				79104E161CC4D38100A01BED /* HolleTests */,
				79104E211CC4D38100A01BED /* HolleUITests */,
				79104DFB1CC4D38100A01BED /* Products */,
			);
			sourceTree = "<group>";
		};
		79104DFB1CC4D38100A01BED /* Products */ = {
			isa = PBXGroup;
			children = (
				79104DFA1CC4D38100A01BED /* Holle.app */,
				79104E131CC4D38100A01BED /* HolleTests.xctest */,
				79104E1E1CC4D38100A01BED /* HolleUITests.xctest */,
			);
			name = Products;
			sourceTree = "<group>";
		};
		79104DFC1CC4D38100A01BED /* Holle */ = {
			isa = PBXGroup;
			children = (
				79104E001CC4D38100A01BED /* AppDelegate.h */,
				79104E011CC4D38100A01BED /* AppDelegate.m */,
				79104E031CC4D38100A01BED /* ViewController.h */,
				79104E041CC4D38100A01BED /* ViewController.m */,
				79104E061CC4D38100A01BED /* Main.storyboard */,
				79104E091CC4D38100A01BED /* Assets.xcassets */,
				79104E0B1CC4D38100A01BED /* LaunchScreen.storyboard */,
				79104E0E1CC4D38100A01BED /* Info.plist */,
				79104DFD1CC4D38100A01BED /* Supporting Files */,
			);
			path = Holle;
			sourceTree = "<group>";
		};
		79104DFD1CC4D38100A01BED /* Supporting Files */ = {
			isa = PBXGroup;
			children = (
				79104DFE1CC4D38100A01BED /* main.m */,
			);
			name = "Supporting Files";
			sourceTree = "<group>";
		};
		79104E161CC4D38100A01BED /* HolleTests */ = {
			isa = PBXGroup;
			children = (
				79104E171CC4D38100A01BED /* HolleTests.m */,
				79104E191CC4D38100A01BED /* Info.plist */,
			);
			path = HolleTests;
			sourceTree = "<group>";
		};
		79104E211CC4D38100A01BED /* HolleUITests */ = {
			isa = PBXGroup;
			children = (
				79104E221CC4D38100A01BED /* HolleUITests.m */,
				79104E241CC4D38100A01BED /* Info.plist */,
			);
			path = HolleUITests;
			sourceTree = "<group>";
		};
/* End PBXGroup section */

/* Begin PBXNativeTarget section */
		79104DF91CC4D38100A01BED /* Holle */ = {
			isa = PBXNativeTarget;
			buildConfigurationList = 79104E271CC4D38100A01BED /* Build configuration list for PBXNativeTarget "Holle" */;
			buildPhases = (
				79104DF61CC4D38100A01BED /* Sources */,
				79104DF71CC4D38100A01BED /* Frameworks */,
				79104DF81CC4D38100A01BED /* Resources */,
			);
			buildRules = (
			);
			dependencies = (
			);
			name = Holle;
			productName = Holle;
			productReference = 79104DFA1CC4D38100A01BED /* Holle.app */;
			productType = "com.apple.product-type.application";
		};
		79104E121CC4D38100A01BED /* HolleTests */ = {
			isa = PBXNativeTarget;
			buildConfigurationList = 79104E2A1CC4D38100A01BED /* Build configuration list for PBXNativeTarget "HolleTests" */;
			buildPhases = (
				79104E0F1CC4D38100A01BED /* Sources */,
				79104E101CC4D38100A01BED /* Frameworks */,
				79104E111CC4D38100A01BED /* Resources */,
			);
			buildRules = (
			);
			dependencies = (
				79104E151CC4D38100A01BED /* PBXTargetDependency */,
			);
			name = HolleTests;
			productName = HolleTests;
			productReference = 79104E131CC4D38100A01BED /* HolleTests.xctest */;
			productType = "com.apple.product-type.bundle.unit-test";
		};
		79104E1D1CC4D38100A01BED /* HolleUITests */ = {
			isa = PBXNativeTarget;
			buildConfigurationList = 79104E2D1CC4D38100A01BED /* Build configuration list for PBXNativeTarget "HolleUITests" */;
			buildPhases = (
				79104E1A1CC4D38100A01BED /* Sources */,
				79104E1B1CC4D38100A01BED /* Frameworks */,
				79104E1C1CC4D38100A01BED /* Resources */,
			);
			buildRules = (
			);
			dependencies = (
				79104E201CC4D38100A01BED /* PBXTargetDependency */,
			);
			name = HolleUITests;
			productName = HolleUITests;
			productReference = 79104E1E1CC4D38100A01BED /* HolleUITests.xctest */;
			productType = "com.apple.product-type.bundle.ui-testing";
		};
/* End PBXNativeTarget section */

/* Begin PBXProject section */
		79104DF21CC4D38100A01BED /* Project object */ = {
			isa = PBXProject;
			attributes = {
				LastUpgradeCheck = 0720;
				ORGANIZATIONNAME = lanou;
				TargetAttributes = {
					79104DF91CC4D38100A01BED = {
						CreatedOnToolsVersion = 7.2;
						DevelopmentTeam = SLF6UF9UMX;
					};
					79104E121CC4D38100A01BED = {
						CreatedOnToolsVersion = 7.2;
						DevelopmentTeam = SLF6UF9UMX;
						TestTargetID = 79104DF91CC4D38100A01BED;
					};
					79104E1D1CC4D38100A01BED = {
						CreatedOnToolsVersion = 7.2;
						DevelopmentTeam = SLF6UF9UMX;
						TestTargetID = 79104DF91CC4D38100A01BED;
					};
				};
			};
			buildConfigurationList = 79104DF51CC4D38100A01BED /* Build configuration list for PBXProject "Holle" */;
			compatibilityVersion = "Xcode 3.2";
			developmentRegion = English;
			hasScannedForEncodings = 0;
			knownRegions = (
				en,
				Base,
			);
			mainGroup = 79104DF11CC4D38100A01BED;
			productRefGroup = 79104DFB1CC4D38100A01BED /* Products */;
			projectDirPath = "";
			projectRoot = "";
			targets = (
				79104DF91CC4D38100A01BED /* Holle */,
				79104E121CC4D38100A01BED /* HolleTests */,
				79104E1D1CC4D38100A01BED /* HolleUITests */,
			);
		};
/* End PBXProject section */

/* Begin PBXResourcesBuildPhase section */
		79104DF81CC4D38100A01BED /* Resources */ = {
			isa = PBXResourcesBuildPhase;
			buildActionMask = 2147483647;
			files = (
				79104E0D1CC4D38100A01BED /* LaunchScreen.storyboard in Resources */,
				79104E0A1CC4D38100A01BED /* Assets.xcassets in Resources */,
				79104E081CC4D38100A01BED /* Main.storyboard in Resources */,
			);
			runOnlyForDeploymentPostprocessing = 0;
		};
		79104E111CC4D38100A01BED /* Resources */ = {
			isa = PBXResourcesBuildPhase;
			buildActionMask = 2147483647;
			files = (
			);
			runOnlyForDeploymentPostprocessing = 0;
		};
		79104E1C1CC4D38100A01BED /* Resources */ = {
			isa = PBXResourcesBuildPhase;
			buildActionMask = 2147483647;
			files = (
			);
			runOnlyForDeploymentPostprocessing = 0;
		};
/* End PBXResourcesBuildPhase section */

/* Begin PBXSourcesBuildPhase section */
		79104DF61CC4D38100A01BED /* Sources */ = {
			isa = PBXSourcesBuildPhase;
			buildActionMask = 2147483647;
			files = (
				79104E051CC4D38100A01BED /* ViewController.m in Sources */,
				79104E021CC4D38100A01BED /* AppDelegate.m in Sources */,
				79104DFF1CC4D38100A01BED /* main.m in Sources */,
			);
			runOnlyForDeploymentPostprocessing = 0;
		};
		79104E0F1CC4D38100A01BED /* Sources */ = {
			isa = PBXSourcesBuildPhase;
			buildActionMask = 2147483647;
			files = (
				79104E181CC4D38100A01BED /* HolleTests.m in Sources */,
			);
			runOnlyForDeploymentPostprocessing = 0;
		};
		79104E1A1CC4D38100A01BED /* Sources */ = {
			isa = PBXSourcesBuildPhase;
			buildActionMask = 2147483647;
			files = (
				79104E231CC4D38100A01BED /* HolleUITests.m in Sources */,
			);
			runOnlyForDeploymentPostprocessing = 0;
		};
/* End PBXSourcesBuildPhase section */

/* Begin PBXTargetDependency section */
		79104E151CC4D38100A01BED /* PBXTargetDependency */ = {
			isa = PBXTargetDependency;
			target = 79104DF91CC4D38100A01BED /* Holle */;
			targetProxy = 79104E141CC4D38100A01BED /* PBXContainerItemProxy */;
		};
		79104E201CC4D38100A01BED /* PBXTargetDependency */ = {
			isa = PBXTargetDependency;
			target = 79104DF91CC4D38100A01BED /* Holle */;
			targetProxy = 79104E1F1CC4D38100A01BED /* PBXContainerItemProxy */;
		};
/* End PBXTargetDependency section */

/* Begin PBXVariantGroup section */
		79104E061CC4D38100A01BED /* Main.storyboard */ = {
			isa = PBXVariantGroup;
			children = (
				79104E071CC4D38100A01BED /* Base */,
			);
			name = Main.storyboard;
			sourceTree = "<group>";
		};
		79104E0B1CC4D38100A01BED /* LaunchScreen.storyboard */ = {
			isa = PBXVariantGroup;
			children = (
				79104E0C1CC4D38100A01BED /* Base */,
			);
			name = LaunchScreen.storyboard;
			sourceTree = "<group>";
		};
/* End PBXVariantGroup section */

/* Begin XCBuildConfiguration section */
		79104E251CC4D38100A01BED /* Debug */ = {
			isa = XCBuildConfiguration;
			buildSettings = {
				ALWAYS_SEARCH_USER_PATHS = NO;
				CLANG_CXX_LANGUAGE_STANDARD = "gnu++0x";
				CLANG_CXX_LIBRARY = "libc++";
				CLANG_ENABLE_MODULES = YES;
				CLANG_ENABLE_OBJC_ARC = YES;
				CLANG_WARN_BOOL_CONVERSION = YES;
				CLANG_WARN_CONSTANT_CONVERSION = YES;
				CLANG_WARN_DIRECT_OBJC_ISA_USAGE = YES_ERROR;
				CLANG_WARN_EMPTY_BODY = YES;
				CLANG_WARN_ENUM_CONVERSION = YES;
				CLANG_WARN_INT_CONVERSION = YES;
				CLANG_WARN_OBJC_ROOT_CLASS = YES_ERROR;
				CLANG_WARN_UNREACHABLE_CODE = YES;
				CLANG_WARN__DUPLICATE_METHOD_MATCH = YES;
				"CODE_SIGN_IDENTITY[sdk=iphoneos*]" = "iPhone Developer";
				COPY_PHASE_STRIP = NO;
				DEBUG_INFORMATION_FORMAT = dwarf;
				ENABLE_STRICT_OBJC_MSGSEND = YES;
				ENABLE_TESTABILITY = YES;
				GCC_C_LANGUAGE_STANDARD = gnu99;
				GCC_DYNAMIC_NO_PIC = NO;
				GCC_NO_COMMON_BLOCKS = YES;
				GCC_OPTIMIZATION_LEVEL = 0;
				GCC_PREPROCESSOR_DEFINITIONS = (
					"DEBUG=1",
					"$(inherited)",
				);
				GCC_WARN_64_TO_32_BIT_CONVERSION = YES;
				GCC_WARN_ABOUT_RETURN_TYPE = YES_ERROR;
				GCC_WARN_UNDECLARED_SELECTOR = YES;
				GCC_WARN_UNINITIALIZED_AUTOS = YES_AGGRESSIVE;
				GCC_WARN_UNUSED_FUNCTION = YES;
				GCC_WARN_UNUSED_VARIABLE = YES;
				IPHONEOS_DEPLOYMENT_TARGET = 9.2;
				MTL_ENABLE_DEBUG_INFO = YES;
				ONLY_ACTIVE_ARCH = YES;
				SDKROOT = iphoneos;
			};
			name = Debug;
		};
		79104E261CC4D38100A01BED /* Release */ = {
			isa = XCBuildConfiguration;
			buildSettings = {
				ALWAYS_SEARCH_USER_PATHS = NO;
				CLANG_CXX_LANGUAGE_STANDARD = "gnu++0x";
				CLANG_CXX_LIBRARY = "libc++";
				CLANG_ENABLE_MODULES = YES;
				CLANG_ENABLE_OBJC_ARC = YES;
				CLANG_WARN_BOOL_CONVERSION = YES;
				CLANG_WARN_CONSTANT_CONVERSION = YES;
				CLANG_WARN_DIRECT_OBJC_ISA_USAGE = YES_ERROR;
				CLANG_WARN_EMPTY_BODY = YES;
				CLANG_WARN_ENUM_CONVERSION = YES;
				CLANG_WARN_INT_CONVERSION = YES;
				CLANG_WARN_OBJC_ROOT_CLASS = YES_ERROR;
				CLANG_WARN_UNREACHABLE_CODE = YES;
				CLANG_WARN__DUPLICATE_METHOD_MATCH = YES;
				"CODE_SIGN_IDENTITY[sdk=iphoneos*]" = "iPhone Developer";
				COPY_PHASE_STRIP = NO;
				DEBUG_INFORMATION_FORMAT = "dwarf-with-dsym";
				ENABLE_NS_ASSERTIONS = NO;
				ENABLE_STRICT_OBJC_MSGSEND = YES;
				GCC_C_LANGUAGE_STANDARD = gnu99;
				GCC_NO_COMMON_BLOCKS = YES;
				GCC_WARN_64_TO_32_BIT_CONVERSION = YES;
				GCC_WARN_ABOUT_RETURN_TYPE = YES_ERROR;
				GCC_WARN_UNDECLARED_SELECTOR = YES;
				GCC_WARN_UNINITIALIZED_AUTOS = YES_AGGRESSIVE;
				GCC_WARN_UNUSED_FUNCTION = YES;
				GCC_WARN_UNUSED_VARIABLE = YES;
				IPHONEOS_DEPLOYMENT_TARGET = 9.2;
				MTL_ENABLE_DEBUG_INFO = NO;
				SDKROOT = iphoneos;
				VALIDATE_PRODUCT = YES;
			};
			name = Release;
		};
		79104E281CC4D38100A01BED /* Debug */ = {
			isa = XCBuildConfiguration;
			buildSettings = {
				ASSETCATALOG_COMPILER_APPICON_NAME = AppIcon;
				INFOPLIST_FILE = Holle/Info.plist;
				LD_RUNPATH_SEARCH_PATHS = "$(inherited) @executable_path/Frameworks";
				PRODUCT_BUNDLE_IDENTIFIER = lanou.com.Holle;
				PRODUCT_NAME = "$(TARGET_NAME)";
			};
			name = Debug;
		};
		79104E291CC4D38100A01BED /* Release */ = {
			isa = XCBuildConfiguration;
			buildSettings = {
				ASSETCATALOG_COMPILER_APPICON_NAME = AppIcon;
				INFOPLIST_FILE = Holle/Info.plist;
				LD_RUNPATH_SEARCH_PATHS = "$(inherited) @executable_path/Frameworks";
				PRODUCT_BUNDLE_IDENTIFIER = lanou.com.Holle;
				PRODUCT_NAME = "$(TARGET_NAME)";
			};
			name = Release;
		};
		79104E2B1CC4D38100A01BED /* Debug */ = {
			isa = XCBuildConfiguration;
			buildSettings = {
				BUNDLE_LOADER = "$(TEST_HOST)";
				INFOPLIST_FILE = HolleTests/Info.plist;
				LD_RUNPATH_SEARCH_PATHS = "$(inherited) @executable_path/Frameworks @loader_path/Frameworks";
				PRODUCT_BUNDLE_IDENTIFIER = lanou.com.HolleTests;
				PRODUCT_NAME = "$(TARGET_NAME)";
				TEST_HOST = "$(BUILT_PRODUCTS_DIR)/Holle.app/Holle";
			};
			name = Debug;
		};
		79104E2C1CC4D38100A01BED /* Release */ = {
			isa = XCBuildConfiguration;
			buildSettings = {
				BUNDLE_LOADER = "$(TEST_HOST)";
				INFOPLIST_FILE = HolleTests/Info.plist;
				LD_RUNPATH_SEARCH_PATHS = "$(inherited) @executable_path/Frameworks @loader_path/Frameworks";
				PRODUCT_BUNDLE_IDENTIFIER = lanou.com.HolleTests;
				PRODUCT_NAME = "$(TARGET_NAME)";
				TEST_HOST = "$(BUILT_PRODUCTS_DIR)/Holle.app/Holle";
			};
			name = Release;
		};
		79104E2E1CC4D38100A01BED /* Debug */ = {
			isa = XCBuildConfiguration;
			buildSettings = {
				INFOPLIST_FILE = HolleUITests/Info.plist;
				LD_RUNPATH_SEARCH_PATHS = "$(inherited) @executable_path/Frameworks @loader_path/Frameworks";
				PRODUCT_BUNDLE_IDENTIFIER = lanou.com.HolleUITests;
				PRODUCT_NAME = "$(TARGET_NAME)";
				TEST_TARGET_NAME = Holle;
				USES_XCTRUNNER = YES;
			};
			name = Debug;
		};
		79104E2F1CC4D38100A01BED /* Release */ = {
			isa = XCBuildConfiguration;
			buildSettings = {
				INFOPLIST_FILE = HolleUITests/Info.plist;
				LD_RUNPATH_SEARCH_PATHS = "$(inherited) @executable_path/Frameworks @loader_path/Frameworks";
				PRODUCT_BUNDLE_IDENTIFIER = lanou.com.HolleUITests;
				PRODUCT_NAME = "$(TARGET_NAME)";
				TEST_TARGET_NAME = Holle;
				USES_XCTRUNNER = YES;
			};
			name = Release;
		};
/* End XCBuildConfiguration section */

/* Begin XCConfigurationList section */
		79104DF51CC4D38100A01BED /* Build configuration list for PBXProject "Holle" */ = {
			isa = XCConfigurationList;
			buildConfigurations = (
				79104E251CC4D38100A01BED /* Debug */,
				79104E261CC4D38100A01BED /* Release */,
			);
			defaultConfigurationIsVisible = 0;
			defaultConfigurationName = Release;
		};
		79104E271CC4D38100A01BED /* Build configuration list for PBXNativeTarget "Holle" */ = {
			isa = XCConfigurationList;
			buildConfigurations = (
				79104E281CC4D38100A01BED /* Debug */,
				79104E291CC4D38100A01BED /* Release */,
			);
			defaultConfigurationIsVisible = 0;
		};
		79104E2A1CC4D38100A01BED /* Build configuration list for PBXNativeTarget "HolleTests" */ = {
			isa = XCConfigurationList;
			buildConfigurations = (
				79104E2B1CC4D38100A01BED /* Debug */,
				79104E2C1CC4D38100A01BED /* Release */,
			);
			defaultConfigurationIsVisible = 0;
		};
		79104E2D1CC4D38100A01BED /* Build configuration list for PBXNativeTarget "HolleUITests" */ = {
			isa = XCConfigurationList;
			buildConfigurations = (
				79104E2E1CC4D38100A01BED /* Debug */,
				79104E2F1CC4D38100A01BED /* Release */,
			);
			defaultConfigurationIsVisible = 0;
		};
/* End XCConfigurationList section */
	};
	rootObject = 79104DF21CC4D38100A01BED /* Project object */;
}
